
Microsoft Visual Studio Solution File, Format Version 12.00
# Visual Studio 15
VisualStudioVersion = 15.0.26730.8
MinimumVisualStudioVersion = 10.0.40219.1
Project("{FAE04EC0-301F-11D3-BF4B-00C04F79EFBC}") = "Microsoft.Packaging.Tools.Trimming.Tasks", "Microsoft.Packaging.Tools.Trimming.Tasks.csproj", "{65E58605-AE96-46C2-8C6C-F28A5EB9B565}"
EndProject
Global
	GlobalSection(SolutionConfigurationPlatforms) = preSolution
		net451_Debug|Any CPU = net451_Debug|Any CPU
		netstandard1.5_Debug|Any CPU = netstandard1.5_Debug|Any CPU
	EndGlobalSection
	GlobalSection(ProjectConfigurationPlatforms) = postSolution
		{65E58605-AE96-46C2-8C6C-F28A5EB9B565}.net451_Debug|Any CPU.ActiveCfg = net451_Debug|Any CPU
		{65E58605-AE96-46C2-8C6C-F28A5EB9B565}.net451_Debug|Any CPU.Build.0 = net451_Debug|Any CPU
		{65E58605-AE96-46C2-8C6C-F28A5EB9B565}.netstandard1.5_Debug|Any CPU.ActiveCfg = netstandard1.5_Debug|Any CPU
		{65E58605-AE96-46C2-8C6C-F28A5EB9B565}.netstandard1.5_Debug|Any CPU.Build.0 = netstandard1.5_Debug|Any CPU
	EndGlobalSection
	GlobalSection(SolutionProperties) = preSolution
		HideSolutionNode = FALSE
	EndGlobalSection
	GlobalSection(ExtensibilityGlobals) = postSolution
		SolutionGuid = {BACC79BF-C9C9-4F9B-8209-1398E99299F9}
	EndGlobalSection
EndGlobal
